{
  "requires": true,
  "lockfileVersion": 1,
  "dependencies": {
    "@types/jest": {
      "version": "23.0.0",
      "resolved": "https://registry.npmjs.org/@types/jest/-/jest-23.0.0.tgz",
      "integrity": "sha512-hy+8Sdet9JiNEZpJZWRcmT4pBz19H9dKMr/qWD1JJINBpTTts+Vbe8P+nx9vRJUlbVN4GMPAVr1F4Ff3V5U/Kg==",
      "dev": true
    }
  }
}
